
Microsoft Visual Studio Solution File, Format Version 12.00
# Visual Studio Version 17
VisualStudioVersion = 17.0.32112.339
MinimumVisualStudioVersion = 10.0.40219.1
Project("{9A19103F-16F7-4668-BE54-9A1E7A4F7556}") = "ActorModelDemo", "ActorModelDemo.csproj", "{6F13F44D-5342-447B-AE35-0A73FE5AB878}"
EndProject
Project("{FAE04EC0-301F-11D3-BF4B-00C04F79EFBC}") = "ASPAkka", "..\ASPAkka\ASPAkka.csproj", "{ECBBDADB-9139-4241-9299-A9A62B6CB748}"
EndProject
Global
	GlobalSection(SolutionConfigurationPlatforms) = preSolution
		Debug|Any CPU = Debug|Any CPU
		Release|Any CPU = Release|Any CPU
	EndGlobalSection
	GlobalSection(ProjectConfigurationPlatforms) = postSolution
		{6F13F44D-5342-447B-AE35-0A73FE5AB878}.Debug|Any CPU.ActiveCfg = Debug|Any CPU
		{6F13F44D-5342-447B-AE35-0A73FE5AB878}.Debug|Any CPU.Build.0 = Debug|Any CPU
		{6F13F44D-5342-447B-AE35-0A73FE5AB878}.Release|Any CPU.ActiveCfg = Release|Any CPU
		{6F13F44D-5342-447B-AE35-0A73FE5AB878}.Release|Any CPU.Build.0 = Release|Any CPU
		{ECBBDADB-9139-4241-9299-A9A62B6CB748}.Debug|Any CPU.ActiveCfg = Debug|Any CPU
		{ECBBDADB-9139-4241-9299-A9A62B6CB748}.Debug|Any CPU.Build.0 = Debug|Any CPU
		{ECBBDADB-9139-4241-9299-A9A62B6CB748}.Release|Any CPU.ActiveCfg = Release|Any CPU
		{ECBBDADB-9139-4241-9299-A9A62B6CB748}.Release|Any CPU.Build.0 = Release|Any CPU
	EndGlobalSection
	GlobalSection(SolutionProperties) = preSolution
		HideSolutionNode = FALSE
	EndGlobalSection
	GlobalSection(ExtensibilityGlobals) = postSolution
		SolutionGuid = {C1EFC149-5AEB-4A45-889C-A568C3BCCBAB}
	EndGlobalSection
EndGlobal
